
Microsoft Visual Studio Solution File, Format Version 10.00
# Visual Studio 2008
Project("{FAE04EC0-301F-11D3-BF4B-00C04F79EFBC}") = "KillAtLogoff", "KillAtLogoff\KillAtLogoff.csproj", "{486FE32D-A034-4339-8059-3DDA54AB2597}"
EndProject
Global
	GlobalSection(SolutionConfigurationPlatforms) = preSolution
		Debug|Any CPU = Debug|Any CPU
		Release|Any CPU = Release|Any CPU
	EndGlobalSection
	GlobalSection(ProjectConfigurationPlatforms) = postSolution
		{486FE32D-A034-4339-8059-3DDA54AB2597}.Debug|Any CPU.ActiveCfg = Debug|Any CPU
		{486FE32D-A034-4339-8059-3DDA54AB2597}.Debug|Any CPU.Build.0 = Debug|Any CPU
		{486FE32D-A034-4339-8059-3DDA54AB2597}.Release|Any CPU.ActiveCfg = Release|Any CPU
		{486FE32D-A034-4339-8059-3DDA54AB2597}.Release|Any CPU.Build.0 = Release|Any CPU
	EndGlobalSection
	GlobalSection(SolutionProperties) = preSolution
		HideSolutionNode = FALSE
	EndGlobalSection
EndGlobal
